
Microsoft Visual Studio Solution File, Format Version 12.00
# Visual Studio 2013
VisualStudioVersion = 12.0.21005.1
MinimumVisualStudioVersion = 10.0.40219.1
Project("{FAE04EC0-301F-11D3-BF4B-00C04F79EFBC}") = "Test-161102-001", "Test-161102-001\Test-161102-001.csproj", "{4131DD77-1EE4-4D13-A3E4-A988E5398033}"
EndProject
Global
	GlobalSection(SolutionConfigurationPlatforms) = preSolution
		Debug|Any CPU = Debug|Any CPU
		Release|Any CPU = Release|Any CPU
	EndGlobalSection
	GlobalSection(ProjectConfigurationPlatforms) = postSolution
		{4131DD77-1EE4-4D13-A3E4-A988E5398033}.Debug|Any CPU.ActiveCfg = Debug|Any CPU
		{4131DD77-1EE4-4D13-A3E4-A988E5398033}.Debug|Any CPU.Build.0 = Debug|Any CPU
		{4131DD77-1EE4-4D13-A3E4-A988E5398033}.Release|Any CPU.ActiveCfg = Release|Any CPU
		{4131DD77-1EE4-4D13-A3E4-A988E5398033}.Release|Any CPU.Build.0 = Release|Any CPU
	EndGlobalSection
	GlobalSection(SolutionProperties) = preSolution
		HideSolutionNode = FALSE
	EndGlobalSection
EndGlobal
