
Microsoft Visual Studio Solution File, Format Version 12.00
# Visual Studio 2013
VisualStudioVersion = 12.0.21005.1
MinimumVisualStudioVersion = 10.0.40219.1
Project("{FAE04EC0-301F-11D3-BF4B-00C04F79EFBC}") = "Test-160908-005", "Test-160908-005\Test-160908-005.csproj", "{E0697F5D-C378-49C2-A579-B6126E166325}"
EndProject
Global
	GlobalSection(SolutionConfigurationPlatforms) = preSolution
		Debug|Any CPU = Debug|Any CPU
		Release|Any CPU = Release|Any CPU
	EndGlobalSection
	GlobalSection(ProjectConfigurationPlatforms) = postSolution
		{E0697F5D-C378-49C2-A579-B6126E166325}.Debug|Any CPU.ActiveCfg = Debug|Any CPU
		{E0697F5D-C378-49C2-A579-B6126E166325}.Debug|Any CPU.Build.0 = Debug|Any CPU
		{E0697F5D-C378-49C2-A579-B6126E166325}.Release|Any CPU.ActiveCfg = Release|Any CPU
		{E0697F5D-C378-49C2-A579-B6126E166325}.Release|Any CPU.Build.0 = Release|Any CPU
	EndGlobalSection
	GlobalSection(SolutionProperties) = preSolution
		HideSolutionNode = FALSE
	EndGlobalSection
EndGlobal
