
Microsoft Visual Studio Solution File, Format Version 12.00
# Visual Studio 2013
VisualStudioVersion = 12.0.21005.1
MinimumVisualStudioVersion = 10.0.40219.1
Project("{FAE04EC0-301F-11D3-BF4B-00C04F79EFBC}") = "Test-161006-004", "Test-161006-004\Test-161006-004.csproj", "{EEF6421D-6895-4DD9-A923-CB18BC582C2E}"
EndProject
Project("{FAE04EC0-301F-11D3-BF4B-00C04F79EFBC}") = "Test-161006-006(反序列化)", "Test-161006-006\Test-161006-006(反序列化).csproj", "{2C9B18C8-B6ED-4A9F-A8A4-7D76EAC32BDD}"
EndProject
Global
	GlobalSection(SolutionConfigurationPlatforms) = preSolution
		Debug|Any CPU = Debug|Any CPU
		Release|Any CPU = Release|Any CPU
	EndGlobalSection
	GlobalSection(ProjectConfigurationPlatforms) = postSolution
		{EEF6421D-6895-4DD9-A923-CB18BC582C2E}.Debug|Any CPU.ActiveCfg = Debug|Any CPU
		{EEF6421D-6895-4DD9-A923-CB18BC582C2E}.Debug|Any CPU.Build.0 = Debug|Any CPU
		{EEF6421D-6895-4DD9-A923-CB18BC582C2E}.Release|Any CPU.ActiveCfg = Release|Any CPU
		{EEF6421D-6895-4DD9-A923-CB18BC582C2E}.Release|Any CPU.Build.0 = Release|Any CPU
		{2C9B18C8-B6ED-4A9F-A8A4-7D76EAC32BDD}.Debug|Any CPU.ActiveCfg = Debug|Any CPU
		{2C9B18C8-B6ED-4A9F-A8A4-7D76EAC32BDD}.Debug|Any CPU.Build.0 = Debug|Any CPU
		{2C9B18C8-B6ED-4A9F-A8A4-7D76EAC32BDD}.Release|Any CPU.ActiveCfg = Release|Any CPU
		{2C9B18C8-B6ED-4A9F-A8A4-7D76EAC32BDD}.Release|Any CPU.Build.0 = Release|Any CPU
	EndGlobalSection
	GlobalSection(SolutionProperties) = preSolution
		HideSolutionNode = FALSE
	EndGlobalSection
EndGlobal
