
Microsoft Visual Studio Solution File, Format Version 12.00
# Visual Studio 2013
VisualStudioVersion = 12.0.21005.1
MinimumVisualStudioVersion = 10.0.40219.1
Project("{FAE04EC0-301F-11D3-BF4B-00C04F79EFBC}") = "Test-160924-002", "Test-160924-002\Test-160924-002.csproj", "{BD242926-928C-4E04-945F-F928D5467D9D}"
EndProject
Global
	GlobalSection(SolutionConfigurationPlatforms) = preSolution
		Debug|Any CPU = Debug|Any CPU
		Release|Any CPU = Release|Any CPU
	EndGlobalSection
	GlobalSection(ProjectConfigurationPlatforms) = postSolution
		{BD242926-928C-4E04-945F-F928D5467D9D}.Debug|Any CPU.ActiveCfg = Debug|Any CPU
		{BD242926-928C-4E04-945F-F928D5467D9D}.Debug|Any CPU.Build.0 = Debug|Any CPU
		{BD242926-928C-4E04-945F-F928D5467D9D}.Release|Any CPU.ActiveCfg = Release|Any CPU
		{BD242926-928C-4E04-945F-F928D5467D9D}.Release|Any CPU.Build.0 = Release|Any CPU
	EndGlobalSection
	GlobalSection(SolutionProperties) = preSolution
		HideSolutionNode = FALSE
	EndGlobalSection
EndGlobal
