
Microsoft Visual Studio Solution File, Format Version 12.00
# Visual Studio 2013
VisualStudioVersion = 12.0.21005.1
MinimumVisualStudioVersion = 10.0.40219.1
Project("{FAE04EC0-301F-11D3-BF4B-00C04F79EFBC}") = "Test-160901-001", "Test-160901-001\Test-160901-001.csproj", "{52F8D7B5-90B7-4A3A-B3EC-0E0BCC28A340}"
EndProject
Project("{FAE04EC0-301F-11D3-BF4B-00C04F79EFBC}") = "Test-160901-002", "Test-160901-002\Test-160901-002.csproj", "{EB227C93-32E4-464F-AF63-051BB39742FF}"
EndProject
Project("{FAE04EC0-301F-11D3-BF4B-00C04F79EFBC}") = "Test-160901-003", "Test-160901-003\Test-160901-003.csproj", "{259FC92B-396E-45E4-92D9-C676C948DD3B}"
EndProject
Project("{FAE04EC0-301F-11D3-BF4B-00C04F79EFBC}") = "Test-160901-004", "Test-160901-004\Test-160901-004.csproj", "{88ABCE13-FAC2-450F-9592-C33AE002F80A}"
EndProject
Project("{FAE04EC0-301F-11D3-BF4B-00C04F79EFBC}") = "Test-160901-005", "Test-160901-005\Test-160901-005.csproj", "{EFE9D463-E59A-4603-B0CF-9441030B598B}"
EndProject
Project("{FAE04EC0-301F-11D3-BF4B-00C04F79EFBC}") = "Test-160901-006", "Test-160901-006\Test-160901-006.csproj", "{333BB4D2-6D17-4C0D-8236-0D01E9D13C5B}"
EndProject
Project("{FAE04EC0-301F-11D3-BF4B-00C04F79EFBC}") = "Test-160901-007", "Test-160901-007\Test-160901-007.csproj", "{13A3D9DB-206B-4BAB-91CE-24232CD05D00}"
EndProject
Project("{FAE04EC0-301F-11D3-BF4B-00C04F79EFBC}") = "Test-160901-008", "Test-160901-008\Test-160901-008.csproj", "{18DCDD19-2C63-4B7F-BCDC-ED134D5285B5}"
EndProject
Global
	GlobalSection(SolutionConfigurationPlatforms) = preSolution
		Debug|Any CPU = Debug|Any CPU
		Release|Any CPU = Release|Any CPU
	EndGlobalSection
	GlobalSection(ProjectConfigurationPlatforms) = postSolution
		{52F8D7B5-90B7-4A3A-B3EC-0E0BCC28A340}.Debug|Any CPU.ActiveCfg = Debug|Any CPU
		{52F8D7B5-90B7-4A3A-B3EC-0E0BCC28A340}.Debug|Any CPU.Build.0 = Debug|Any CPU
		{52F8D7B5-90B7-4A3A-B3EC-0E0BCC28A340}.Release|Any CPU.ActiveCfg = Release|Any CPU
		{52F8D7B5-90B7-4A3A-B3EC-0E0BCC28A340}.Release|Any CPU.Build.0 = Release|Any CPU
		{EB227C93-32E4-464F-AF63-051BB39742FF}.Debug|Any CPU.ActiveCfg = Debug|Any CPU
		{EB227C93-32E4-464F-AF63-051BB39742FF}.Debug|Any CPU.Build.0 = Debug|Any CPU
		{EB227C93-32E4-464F-AF63-051BB39742FF}.Release|Any CPU.ActiveCfg = Release|Any CPU
		{EB227C93-32E4-464F-AF63-051BB39742FF}.Release|Any CPU.Build.0 = Release|Any CPU
		{259FC92B-396E-45E4-92D9-C676C948DD3B}.Debug|Any CPU.ActiveCfg = Debug|Any CPU
		{259FC92B-396E-45E4-92D9-C676C948DD3B}.Debug|Any CPU.Build.0 = Debug|Any CPU
		{259FC92B-396E-45E4-92D9-C676C948DD3B}.Release|Any CPU.ActiveCfg = Release|Any CPU
		{259FC92B-396E-45E4-92D9-C676C948DD3B}.Release|Any CPU.Build.0 = Release|Any CPU
		{88ABCE13-FAC2-450F-9592-C33AE002F80A}.Debug|Any CPU.ActiveCfg = Debug|Any CPU
		{88ABCE13-FAC2-450F-9592-C33AE002F80A}.Debug|Any CPU.Build.0 = Debug|Any CPU
		{88ABCE13-FAC2-450F-9592-C33AE002F80A}.Release|Any CPU.ActiveCfg = Release|Any CPU
		{88ABCE13-FAC2-450F-9592-C33AE002F80A}.Release|Any CPU.Build.0 = Release|Any CPU
		{EFE9D463-E59A-4603-B0CF-9441030B598B}.Debug|Any CPU.ActiveCfg = Debug|Any CPU
		{EFE9D463-E59A-4603-B0CF-9441030B598B}.Debug|Any CPU.Build.0 = Debug|Any CPU
		{EFE9D463-E59A-4603-B0CF-9441030B598B}.Release|Any CPU.ActiveCfg = Release|Any CPU
		{EFE9D463-E59A-4603-B0CF-9441030B598B}.Release|Any CPU.Build.0 = Release|Any CPU
		{333BB4D2-6D17-4C0D-8236-0D01E9D13C5B}.Debug|Any CPU.ActiveCfg = Debug|Any CPU
		{333BB4D2-6D17-4C0D-8236-0D01E9D13C5B}.Debug|Any CPU.Build.0 = Debug|Any CPU
		{333BB4D2-6D17-4C0D-8236-0D01E9D13C5B}.Release|Any CPU.ActiveCfg = Release|Any CPU
		{333BB4D2-6D17-4C0D-8236-0D01E9D13C5B}.Release|Any CPU.Build.0 = Release|Any CPU
		{13A3D9DB-206B-4BAB-91CE-24232CD05D00}.Debug|Any CPU.ActiveCfg = Debug|Any CPU
		{13A3D9DB-206B-4BAB-91CE-24232CD05D00}.Debug|Any CPU.Build.0 = Debug|Any CPU
		{13A3D9DB-206B-4BAB-91CE-24232CD05D00}.Release|Any CPU.ActiveCfg = Release|Any CPU
		{13A3D9DB-206B-4BAB-91CE-24232CD05D00}.Release|Any CPU.Build.0 = Release|Any CPU
		{18DCDD19-2C63-4B7F-BCDC-ED134D5285B5}.Debug|Any CPU.ActiveCfg = Debug|Any CPU
		{18DCDD19-2C63-4B7F-BCDC-ED134D5285B5}.Debug|Any CPU.Build.0 = Debug|Any CPU
		{18DCDD19-2C63-4B7F-BCDC-ED134D5285B5}.Release|Any CPU.ActiveCfg = Release|Any CPU
		{18DCDD19-2C63-4B7F-BCDC-ED134D5285B5}.Release|Any CPU.Build.0 = Release|Any CPU
	EndGlobalSection
	GlobalSection(SolutionProperties) = preSolution
		HideSolutionNode = FALSE
	EndGlobalSection
EndGlobal
