
Microsoft Visual Studio Solution File, Format Version 12.00
# Visual Studio 2013
VisualStudioVersion = 12.0.21005.1
MinimumVisualStudioVersion = 10.0.40219.1
Project("{FAE04EC0-301F-11D3-BF4B-00C04F79EFBC}") = "Test-160901-009", "Test-160901-009\Test-160901-009.csproj", "{370296D2-5B37-4883-9DF6-9DBE87619380}"
EndProject
Project("{FAE04EC0-301F-11D3-BF4B-00C04F79EFBC}") = "Test-160901-010", "Test-160901-010\Test-160901-010.csproj", "{E036B4C6-8712-44A4-B7BF-43217747098B}"
EndProject
Project("{FAE04EC0-301F-11D3-BF4B-00C04F79EFBC}") = "Test-160901-011", "Test-160901-011\Test-160901-011.csproj", "{555E0DEE-B1F2-4A7C-BC5F-B64E86EAB57A}"
EndProject
Project("{FAE04EC0-301F-11D3-BF4B-00C04F79EFBC}") = "Test-160901-012", "Test-160901-012\Test-160901-012.csproj", "{B9D8E1F4-4DAA-4AA3-AFEB-E7C583AA14AB}"
EndProject
Project("{FAE04EC0-301F-11D3-BF4B-00C04F79EFBC}") = "Test-160901-013", "Test-160901-013\Test-160901-013.csproj", "{2C7C9342-465E-49F4-A424-082F012535F3}"
EndProject
Project("{FAE04EC0-301F-11D3-BF4B-00C04F79EFBC}") = "Test-160901-014", "Test-160901-014\Test-160901-014.csproj", "{E2D7201D-06DE-49D4-8AEB-71341442E7FE}"
EndProject
Project("{FAE04EC0-301F-11D3-BF4B-00C04F79EFBC}") = "Test-160901-015", "Test-160901-015\Test-160901-015.csproj", "{2427C08F-8EB2-4B78-81FF-007B8AE70C2F}"
EndProject
Project("{FAE04EC0-301F-11D3-BF4B-00C04F79EFBC}") = "Test-160903-016", "Test-160903-016\Test-160903-016.csproj", "{54802404-421C-4A76-9AEF-238EFE01772B}"
EndProject
Global
	GlobalSection(SolutionConfigurationPlatforms) = preSolution
		Debug|Any CPU = Debug|Any CPU
		Release|Any CPU = Release|Any CPU
	EndGlobalSection
	GlobalSection(ProjectConfigurationPlatforms) = postSolution
		{370296D2-5B37-4883-9DF6-9DBE87619380}.Debug|Any CPU.ActiveCfg = Debug|Any CPU
		{370296D2-5B37-4883-9DF6-9DBE87619380}.Debug|Any CPU.Build.0 = Debug|Any CPU
		{370296D2-5B37-4883-9DF6-9DBE87619380}.Release|Any CPU.ActiveCfg = Release|Any CPU
		{370296D2-5B37-4883-9DF6-9DBE87619380}.Release|Any CPU.Build.0 = Release|Any CPU
		{E036B4C6-8712-44A4-B7BF-43217747098B}.Debug|Any CPU.ActiveCfg = Debug|Any CPU
		{E036B4C6-8712-44A4-B7BF-43217747098B}.Debug|Any CPU.Build.0 = Debug|Any CPU
		{E036B4C6-8712-44A4-B7BF-43217747098B}.Release|Any CPU.ActiveCfg = Release|Any CPU
		{E036B4C6-8712-44A4-B7BF-43217747098B}.Release|Any CPU.Build.0 = Release|Any CPU
		{555E0DEE-B1F2-4A7C-BC5F-B64E86EAB57A}.Debug|Any CPU.ActiveCfg = Debug|Any CPU
		{555E0DEE-B1F2-4A7C-BC5F-B64E86EAB57A}.Debug|Any CPU.Build.0 = Debug|Any CPU
		{555E0DEE-B1F2-4A7C-BC5F-B64E86EAB57A}.Release|Any CPU.ActiveCfg = Release|Any CPU
		{555E0DEE-B1F2-4A7C-BC5F-B64E86EAB57A}.Release|Any CPU.Build.0 = Release|Any CPU
		{B9D8E1F4-4DAA-4AA3-AFEB-E7C583AA14AB}.Debug|Any CPU.ActiveCfg = Debug|Any CPU
		{B9D8E1F4-4DAA-4AA3-AFEB-E7C583AA14AB}.Debug|Any CPU.Build.0 = Debug|Any CPU
		{B9D8E1F4-4DAA-4AA3-AFEB-E7C583AA14AB}.Release|Any CPU.ActiveCfg = Release|Any CPU
		{B9D8E1F4-4DAA-4AA3-AFEB-E7C583AA14AB}.Release|Any CPU.Build.0 = Release|Any CPU
		{2C7C9342-465E-49F4-A424-082F012535F3}.Debug|Any CPU.ActiveCfg = Debug|Any CPU
		{2C7C9342-465E-49F4-A424-082F012535F3}.Debug|Any CPU.Build.0 = Debug|Any CPU
		{2C7C9342-465E-49F4-A424-082F012535F3}.Release|Any CPU.ActiveCfg = Release|Any CPU
		{2C7C9342-465E-49F4-A424-082F012535F3}.Release|Any CPU.Build.0 = Release|Any CPU
		{E2D7201D-06DE-49D4-8AEB-71341442E7FE}.Debug|Any CPU.ActiveCfg = Debug|Any CPU
		{E2D7201D-06DE-49D4-8AEB-71341442E7FE}.Debug|Any CPU.Build.0 = Debug|Any CPU
		{E2D7201D-06DE-49D4-8AEB-71341442E7FE}.Release|Any CPU.ActiveCfg = Release|Any CPU
		{E2D7201D-06DE-49D4-8AEB-71341442E7FE}.Release|Any CPU.Build.0 = Release|Any CPU
		{2427C08F-8EB2-4B78-81FF-007B8AE70C2F}.Debug|Any CPU.ActiveCfg = Debug|Any CPU
		{2427C08F-8EB2-4B78-81FF-007B8AE70C2F}.Debug|Any CPU.Build.0 = Debug|Any CPU
		{2427C08F-8EB2-4B78-81FF-007B8AE70C2F}.Release|Any CPU.ActiveCfg = Release|Any CPU
		{2427C08F-8EB2-4B78-81FF-007B8AE70C2F}.Release|Any CPU.Build.0 = Release|Any CPU
		{54802404-421C-4A76-9AEF-238EFE01772B}.Debug|Any CPU.ActiveCfg = Debug|Any CPU
		{54802404-421C-4A76-9AEF-238EFE01772B}.Debug|Any CPU.Build.0 = Debug|Any CPU
		{54802404-421C-4A76-9AEF-238EFE01772B}.Release|Any CPU.ActiveCfg = Release|Any CPU
		{54802404-421C-4A76-9AEF-238EFE01772B}.Release|Any CPU.Build.0 = Release|Any CPU
	EndGlobalSection
	GlobalSection(SolutionProperties) = preSolution
		HideSolutionNode = FALSE
	EndGlobalSection
EndGlobal
